
Microsoft Visual Studio Solution File, Format Version 12.00
# Visual Studio Version 16
VisualStudioVersion = 16.0.29020.237
MinimumVisualStudioVersion = 10.0.40219.1
Project("{8BC9CEB8-8B4A-11D0-8D11-00A0C91BC942}") = "boj5086(배수와 약수)", "boj5086(배수와 약수)\boj5086(배수와 약수).vcxproj", "{6B06D871-D213-42C6-AD12-981098075DF0}"
EndProject
Project("{8BC9CEB8-8B4A-11D0-8D11-00A0C91BC942}") = "boj1037(약수)", "boj1037(약수)\boj1037(약수).vcxproj", "{5A7053CB-1EEC-473D-861F-4FB4560F59D5}"
EndProject
Project("{8BC9CEB8-8B4A-11D0-8D11-00A0C91BC942}") = "boj11653(소인수분해)", "boj11653(소인수분해)\boj11653(소인수분해).vcxproj", "{2D5937A3-DE48-4BFD-ADE8-A6A63A489C91}"
EndProject
Global
	GlobalSection(SolutionConfigurationPlatforms) = preSolution
		Debug|x64 = Debug|x64
		Debug|x86 = Debug|x86
		Release|x64 = Release|x64
		Release|x86 = Release|x86
	EndGlobalSection
	GlobalSection(ProjectConfigurationPlatforms) = postSolution
		{6B06D871-D213-42C6-AD12-981098075DF0}.Debug|x64.ActiveCfg = Debug|x64
		{6B06D871-D213-42C6-AD12-981098075DF0}.Debug|x64.Build.0 = Debug|x64
		{6B06D871-D213-42C6-AD12-981098075DF0}.Debug|x86.ActiveCfg = Debug|Win32
		{6B06D871-D213-42C6-AD12-981098075DF0}.Debug|x86.Build.0 = Debug|Win32
		{6B06D871-D213-42C6-AD12-981098075DF0}.Release|x64.ActiveCfg = Release|x64
		{6B06D871-D213-42C6-AD12-981098075DF0}.Release|x64.Build.0 = Release|x64
		{6B06D871-D213-42C6-AD12-981098075DF0}.Release|x86.ActiveCfg = Release|Win32
		{6B06D871-D213-42C6-AD12-981098075DF0}.Release|x86.Build.0 = Release|Win32
		{5A7053CB-1EEC-473D-861F-4FB4560F59D5}.Debug|x64.ActiveCfg = Debug|x64
		{5A7053CB-1EEC-473D-861F-4FB4560F59D5}.Debug|x64.Build.0 = Debug|x64
		{5A7053CB-1EEC-473D-861F-4FB4560F59D5}.Debug|x86.ActiveCfg = Debug|Win32
		{5A7053CB-1EEC-473D-861F-4FB4560F59D5}.Debug|x86.Build.0 = Debug|Win32
		{5A7053CB-1EEC-473D-861F-4FB4560F59D5}.Release|x64.ActiveCfg = Release|x64
		{5A7053CB-1EEC-473D-861F-4FB4560F59D5}.Release|x64.Build.0 = Release|x64
		{5A7053CB-1EEC-473D-861F-4FB4560F59D5}.Release|x86.ActiveCfg = Release|Win32
		{5A7053CB-1EEC-473D-861F-4FB4560F59D5}.Release|x86.Build.0 = Release|Win32
		{2D5937A3-DE48-4BFD-ADE8-A6A63A489C91}.Debug|x64.ActiveCfg = Debug|x64
		{2D5937A3-DE48-4BFD-ADE8-A6A63A489C91}.Debug|x64.Build.0 = Debug|x64
		{2D5937A3-DE48-4BFD-ADE8-A6A63A489C91}.Debug|x86.ActiveCfg = Debug|Win32
		{2D5937A3-DE48-4BFD-ADE8-A6A63A489C91}.Debug|x86.Build.0 = Debug|Win32
		{2D5937A3-DE48-4BFD-ADE8-A6A63A489C91}.Release|x64.ActiveCfg = Release|x64
		{2D5937A3-DE48-4BFD-ADE8-A6A63A489C91}.Release|x64.Build.0 = Release|x64
		{2D5937A3-DE48-4BFD-ADE8-A6A63A489C91}.Release|x86.ActiveCfg = Release|Win32
		{2D5937A3-DE48-4BFD-ADE8-A6A63A489C91}.Release|x86.Build.0 = Release|Win32
	EndGlobalSection
	GlobalSection(SolutionProperties) = preSolution
		HideSolutionNode = FALSE
	EndGlobalSection
	GlobalSection(ExtensibilityGlobals) = postSolution
		SolutionGuid = {BFDE5DFC-EC63-498A-9A1A-65CBAEA711E3}
	EndGlobalSection
EndGlobal
